Microsoft Visual Studio Solution File, Format Version 12.00
# Visual Studio Version 17
VisualStudioVersion = 17.5.2.0
MinimumVisualStudioVersion = 10.0.40219.1
Project("{FAE04EC0-301F-11D3-BF4B-00C04F79EFBC}") = "ContainerShipsAPI", "backend\ContainerShipsAPI.csproj", "{06487760-8125-6B69-0835-8B1C8C6C61E1}"
EndProject
Global
	GlobalSection(SolutionConfigurationPlatforms) = preSolution
		Debug|Any CPU = Debug|Any CPU
		Release|Any CPU = Release|Any CPU
	EndGlobalSection
	GlobalSection(ProjectConfigurationPlatforms) = postSolution
		{06487760-8125-6B69-0835-8B1C8C6C61E1}.Debug|Any CPU.ActiveCfg = Debug|Any CPU
		{06487760-8125-6B69-0835-8B1C8C6C61E1}.Debug|Any CPU.Build.0 = Debug|Any CPU
		{06487760-8125-6B69-0835-8B1C8C6C61E1}.Release|Any CPU.ActiveCfg = Release|Any CPU
		{06487760-8125-6B69-0835-8B1C8C6C61E1}.Release|Any CPU.Build.0 = Release|Any CPU
	EndGlobalSection
	GlobalSection(SolutionProperties) = preSolution
		HideSolutionNode = FALSE
	EndGlobalSection
	GlobalSection(ExtensibilityGlobals) = postSolution
		SolutionGuid = {8A04D607-C16E-4F78-8325-DEE52E0F8F7D}
	EndGlobalSection
EndGlobal
